// !$*UTF8*$!
{
	archiveVersion = 1;
	classes = {
	};
	objectVersion = 46;
	objects = {

/* Begin PBXBuildFile section */
		E10E948E1A15FEFE000B69B4 /* Utils.cpp in Sources */ = {isa = PBXBuildFile; fileRef = E10E948C1A15FEFE000B69B4 /* Utils.cpp */; };
		E14FBC821A16A4340051D852 /* Response.cpp in Sources */ = {isa = PBXBuildFile; fileRef = E14FBC801A16A4340051D852 /* Response.cpp */; };
		E1A8CCA71A15588E00108775 /* Request.cpp in Sources */ = {isa = PBXBuildFile; fileRef = E1A8CCA51A15588E00108775 /* Request.cpp */; };
		E1EB57931A14F24B00F71EFD /* main.cpp in Sources */ = {isa = PBXBuildFile; fileRef = E1EB57921A14F24B00F71EFD /* main.cpp */; };
		E1EB579B1A14F84900F71EFD /* Server.cpp in Sources */ = {isa = PBXBuildFile; fileRef = E1EB57991A14F84900F71EFD /* Server.cpp */; };
/* End PBXBuildFile section */

/* Begin PBXCopyFilesBuildPhase section */
		E1EB578D1A14F24B00F71EFD /* CopyFiles */ = {
			isa = PBXCopyFilesBuildPhase;
			buildActionMask = 2147483647;
			dstPath = /usr/share/man/man1/;
			dstSubfolderSpec = 0;
			files = (
			);
			runOnlyForDeploymentPostprocessing = 1;
		};
/* End PBXCopyFilesBuildPhase section */

/* Begin PBXFileReference section */
		E10E948C1A15FEFE000B69B4 /* Utils.cpp */ = {isa = PBXFileReference; fileEncoding = 4; lastKnownFileType = sourcecode.cpp.cpp; path = Utils.cpp; sourceTree = "<group>"; };
		E10E948D1A15FEFE000B69B4 /* Utils.h */ = {isa = PBXFileReference; fileEncoding = 4; lastKnownFileType = sourcecode.c.h; path = Utils.h; sourceTree = "<group>"; };
		E14FBC801A16A4340051D852 /* Response.cpp */ = {isa = PBXFileReference; fileEncoding = 4; lastKnownFileType = sourcecode.cpp.cpp; path = Response.cpp; sourceTree = "<group>"; };
		E14FBC811A16A4340051D852 /* Response.h */ = {isa = PBXFileReference; fileEncoding = 4; lastKnownFileType = sourcecode.c.h; path = Response.h; sourceTree = "<group>"; };
		E1A8CCA51A15588E00108775 /* Request.cpp */ = {isa = PBXFileReference; fileEncoding = 4; lastKnownFileType = sourcecode.cpp.cpp; path = Request.cpp; sourceTree = "<group>"; };
		E1A8CCA61A15588E00108775 /* Request.h */ = {isa = PBXFileReference; fileEncoding = 4; lastKnownFileType = sourcecode.c.h; path = Request.h; sourceTree = "<group>"; };
		E1EB578F1A14F24B00F71EFD /* redskin */ = {isa = PBXFileReference; explicitFileType = "compiled.mach-o.executable"; includeInIndex = 0; path = redskin; sourceTree = BUILT_PRODUCTS_DIR; };
		E1EB57921A14F24B00F71EFD /* main.cpp */ = {isa = PBXFileReference; lastKnownFileType = sourcecode.cpp.cpp; path = main.cpp; sourceTree = "<group>"; };
		E1EB57991A14F84900F71EFD /* Server.cpp */ = {isa = PBXFileReference; fileEncoding = 4; lastKnownFileType = sourcecode.cpp.cpp; path = Server.cpp; sourceTree = "<group>"; };
		E1EB579A1A14F84900F71EFD /* Server.h */ = {isa = PBXFileReference; fileEncoding = 4; lastKnownFileType = sourcecode.c.h; path = Server.h; sourceTree = "<group>"; };
/* End PBXFileReference section */

/* Begin PBXFrameworksBuildPhase section */
		E1EB578C1A14F24B00F71EFD /* Frameworks */ = {
			isa = PBXFrameworksBuildPhase;
			buildActionMask = 2147483647;
			files = (
			);
			runOnlyForDeploymentPostprocessing = 0;
		};
/* End PBXFrameworksBuildPhase section */

/* Begin PBXGroup section */
		E1EB57861A14F24B00F71EFD = {
			isa = PBXGroup;
			children = (
				E1EB57911A14F24B00F71EFD /* redskin */,
				E1EB57901A14F24B00F71EFD /* Products */,
			);
			sourceTree = "<group>";
		};
		E1EB57901A14F24B00F71EFD /* Products */ = {
			isa = PBXGroup;
			children = (
				E1EB578F1A14F24B00F71EFD /* redskin */,
			);
			name = Products;
			sourceTree = "<group>";
		};
		E1EB57911A14F24B00F71EFD /* redskin */ = {
			isa = PBXGroup;
			children = (
				E1EB57921A14F24B00F71EFD /* main.cpp */,
				E1EB57991A14F84900F71EFD /* Server.cpp */,
				E1EB579A1A14F84900F71EFD /* Server.h */,
				E1A8CCA51A15588E00108775 /* Request.cpp */,
				E1A8CCA61A15588E00108775 /* Request.h */,
				E14FBC801A16A4340051D852 /* Response.cpp */,
				E14FBC811A16A4340051D852 /* Response.h */,
				E10E948C1A15FEFE000B69B4 /* Utils.cpp */,
				E10E948D1A15FEFE000B69B4 /* Utils.h */,
			);
			path = redskin;
			sourceTree = "<group>";
		};
/* End PBXGroup section */

/* Begin PBXNativeTarget section */
		E1EB578E1A14F24B00F71EFD /* redskin */ = {
			isa = PBXNativeTarget;
			buildConfigurationList = E1EB57961A14F24B00F71EFD /* Build configuration list for PBXNativeTarget "redskin" */;
			buildPhases = (
				E1EB578B1A14F24B00F71EFD /* Sources */,
				E1EB578C1A14F24B00F71EFD /* Frameworks */,
				E1EB578D1A14F24B00F71EFD /* CopyFiles */,
			);
			buildRules = (
			);
			dependencies = (
			);
			name = redskin;
			productName = redskin;
			productReference = E1EB578F1A14F24B00F71EFD /* redskin */;
			productType = "com.apple.product-type.tool";
		};
/* End PBXNativeTarget section */

/* Begin PBXProject section */
		E1EB57871A14F24B00F71EFD /* Project object */ = {
			isa = PBXProject;
			attributes = {
				LastUpgradeCheck = 0610;
				ORGANIZATIONNAME = Frostplant;
				TargetAttributes = {
					E1EB578E1A14F24B00F71EFD = {
						CreatedOnToolsVersion = 6.1;
					};
				};
			};
			buildConfigurationList = E1EB578A1A14F24B00F71EFD /* Build configuration list for PBXProject "redskin" */;
			compatibilityVersion = "Xcode 3.2";
			developmentRegion = English;
			hasScannedForEncodings = 0;
			knownRegions = (
				en,
			);
			mainGroup = E1EB57861A14F24B00F71EFD;
			productRefGroup = E1EB57901A14F24B00F71EFD /* Products */;
			projectDirPath = "";
			projectRoot = "";
			targets = (
				E1EB578E1A14F24B00F71EFD /* redskin */,
			);
		};
/* End PBXProject section */

/* Begin PBXSourcesBuildPhase section */
		E1EB578B1A14F24B00F71EFD /* Sources */ = {
			isa = PBXSourcesBuildPhase;
			buildActionMask = 2147483647;
			files = (
				E1A8CCA71A15588E00108775 /* Request.cpp in Sources */,
				E14FBC821A16A4340051D852 /* Response.cpp in Sources */,
				E1EB579B1A14F84900F71EFD /* Server.cpp in Sources */,
				E1EB57931A14F24B00F71EFD /* main.cpp in Sources */,
				E10E948E1A15FEFE000B69B4 /* Utils.cpp in Sources */,
			);
			runOnlyForDeploymentPostprocessing = 0;
		};
/* End PBXSourcesBuildPhase section */

/* Begin XCBuildConfiguration section */
		E1EB57941A14F24B00F71EFD /* Debug */ = {
			isa = XCBuildConfiguration;
			buildSettings = {
				ALWAYS_SEARCH_USER_PATHS = NO;
				CLANG_CXX_LANGUAGE_STANDARD = "gnu++0x";
				CLANG_CXX_LIBRARY = "libc++";
				CLANG_ENABLE_MODULES = YES;
				CLANG_ENABLE_OBJC_ARC = YES;
				CLANG_WARN_BOOL_CONVERSION = YES;
				CLANG_WARN_CONSTANT_CONVERSION = YES;
				CLANG_WARN_DIRECT_OBJC_ISA_USAGE = YES_ERROR;
				CLANG_WARN_EMPTY_BODY = YES;
				CLANG_WARN_ENUM_CONVERSION = YES;
				CLANG_WARN_INT_CONVERSION = YES;
				CLANG_WARN_OBJC_ROOT_CLASS = YES_ERROR;
				CLANG_WARN_UNREACHABLE_CODE = YES;
				CLANG_WARN__DUPLICATE_METHOD_MATCH = YES;
				COPY_PHASE_STRIP = NO;
				ENABLE_STRICT_OBJC_MSGSEND = YES;
				GCC_C_LANGUAGE_STANDARD = gnu99;
				GCC_DYNAMIC_NO_PIC = NO;
				GCC_OPTIMIZATION_LEVEL = 0;
				GCC_PREPROCESSOR_DEFINITIONS = (
					"DEBUG=1",
					"$(inherited)",
				);
				GCC_SYMBOLS_PRIVATE_EXTERN = NO;
				GCC_WARN_64_TO_32_BIT_CONVERSION = YES;
				GCC_WARN_ABOUT_RETURN_TYPE = YES_ERROR;
				GCC_WARN_UNDECLARED_SELECTOR = YES;
				GCC_WARN_UNINITIALIZED_AUTOS = YES_AGGRESSIVE;
				GCC_WARN_UNUSED_FUNCTION = YES;
				GCC_WARN_UNUSED_VARIABLE = YES;
				MACOSX_DEPLOYMENT_TARGET = 10.10;
				MTL_ENABLE_DEBUG_INFO = YES;
				ONLY_ACTIVE_ARCH = YES;
				SDKROOT = macosx;
			};
			name = Debug;
		};
		E1EB57951A14F24B00F71EFD /* Release */ = {
			isa = XCBuildConfiguration;
			buildSettings = {
				ALWAYS_SEARCH_USER_PATHS = NO;
				CLANG_CXX_LANGUAGE_STANDARD = "gnu++0x";
				CLANG_CXX_LIBRARY = "libc++";
				CLANG_ENABLE_MODULES = YES;
				CLANG_ENABLE_OBJC_ARC = YES;
				CLANG_WARN_BOOL_CONVERSION = YES;
				CLANG_WARN_CONSTANT_CONVERSION = YES;
				CLANG_WARN_DIRECT_OBJC_ISA_USAGE = YES_ERROR;
				CLANG_WARN_EMPTY_BODY = YES;
				CLANG_WARN_ENUM_CONVERSION = YES;
				CLANG_WARN_INT_CONVERSION = YES;
				CLANG_WARN_OBJC_ROOT_CLASS = YES_ERROR;
				CLANG_WARN_UNREACHABLE_CODE = YES;
				CLANG_WARN__DUPLICATE_METHOD_MATCH = YES;
				COPY_PHASE_STRIP = YES;
				DEBUG_INFORMATION_FORMAT = "dwarf-with-dsym";
				ENABLE_NS_ASSERTIONS = NO;
				ENABLE_STRICT_OBJC_MSGSEND = YES;
				GCC_C_LANGUAGE_STANDARD = gnu99;
				GCC_WARN_64_TO_32_BIT_CONVERSION = YES;
				GCC_WARN_ABOUT_RETURN_TYPE = YES_ERROR;
				GCC_WARN_UNDECLARED_SELECTOR = YES;
				GCC_WARN_UNINITIALIZED_AUTOS = YES_AGGRESSIVE;
				GCC_WARN_UNUSED_FUNCTION = YES;
				GCC_WARN_UNUSED_VARIABLE = YES;
				MACOSX_DEPLOYMENT_TARGET = 10.10;
				MTL_ENABLE_DEBUG_INFO = NO;
				SDKROOT = macosx;
			};
			name = Release;
		};
		E1EB57971A14F24B00F71EFD /* Debug */ = {
			isa = XCBuildConfiguration;
			buildSettings = {
				PRODUCT_NAME = "$(TARGET_NAME)";
			};
			name = Debug;
		};
		E1EB57981A14F24B00F71EFD /* Release */ = {
			isa = XCBuildConfiguration;
			buildSettings = {
				PRODUCT_NAME = "$(TARGET_NAME)";
			};
			name = Release;
		};
/* End XCBuildConfiguration section */

/* Begin XCConfigurationList section */
		E1EB578A1A14F24B00F71EFD /* Build configuration list for PBXProject "redskin" */ = {
			isa = XCConfigurationList;
			buildConfigurations = (
				E1EB57941A14F24B00F71EFD /* Debug */,
				E1EB57951A14F24B00F71EFD /* Release */,
			);
			defaultConfigurationIsVisible = 0;
			defaultConfigurationName = Release;
		};
		E1EB57961A14F24B00F71EFD /* Build configuration list for PBXNativeTarget "redskin" */ = {
			isa = XCConfigurationList;
			buildConfigurations = (
				E1EB57971A14F24B00F71EFD /* Debug */,
				E1EB57981A14F24B00F71EFD /* Release */,
			);
			defaultConfigurationIsVisible = 0;
			defaultConfigurationName = Release;
		};
/* End XCConfigurationList section */
	};
	rootObject = E1EB57871A14F24B00F71EFD /* Project object */;
}
